// !$*UTF8*$!
{
	archiveVersion = 1;
	classes = {
	};
	objectVersion = 45;
	objects = {

/* Begin PBXBuildFile section */
		1D3623260D0F684500981E51 /* CompositeViewsSampleAppDelegate.m in Sources */ = {isa = PBXBuildFile; fileRef = 1D3623250D0F684500981E51 /* CompositeViewsSampleAppDelegate.m */; };
		1D60589B0D05DD56006BFB54 /* main.m in Sources */ = {isa = PBXBuildFile; fileRef = 29B97316FDCFA39411CA2CEA /* main.m */; };
		1D60589F0D05DD5A006BFB54 /* Foundation.framework in Frameworks */ = {isa = PBXBuildFile; fileRef = 1D30AB110D05D00D00671497 /* Foundation.framework */; };
		1DF5F4E00D08C38300B7A737 /* UIKit.framework in Frameworks */ = {isa = PBXBuildFile; fileRef = 1DF5F4DF0D08C38300B7A737 /* UIKit.framework */; };
		288765FD0DF74451002DB57D /* CoreGraphics.framework in Frameworks */ = {isa = PBXBuildFile; fileRef = 288765FC0DF74451002DB57D /* CoreGraphics.framework */; };
		6816E5FD127EF64900E478BF /* NSObject+SBJSON.m in Sources */ = {isa = PBXBuildFile; fileRef = 6816E5F1127EF64900E478BF /* NSObject+SBJSON.m */; };
		6816E5FE127EF64900E478BF /* NSString+SBJSON.m in Sources */ = {isa = PBXBuildFile; fileRef = 6816E5F3127EF64900E478BF /* NSString+SBJSON.m */; };
		6816E5FF127EF64900E478BF /* SBJsonBase.m in Sources */ = {isa = PBXBuildFile; fileRef = 6816E5F5127EF64900E478BF /* SBJsonBase.m */; };
		6816E600127EF64900E478BF /* SBJsonParser.m in Sources */ = {isa = PBXBuildFile; fileRef = 6816E5F7127EF64900E478BF /* SBJsonParser.m */; };
		6816E601127EF64900E478BF /* SBJsonStreamWriter.m in Sources */ = {isa = PBXBuildFile; fileRef = 6816E5F9127EF64900E478BF /* SBJsonStreamWriter.m */; };
		6816E602127EF64900E478BF /* SBJsonWriter.m in Sources */ = {isa = PBXBuildFile; fileRef = 6816E5FB127EF64900E478BF /* SBJsonWriter.m */; };
		6816E606127EF66C00E478BF /* SimpleTwitterClient.m in Sources */ = {isa = PBXBuildFile; fileRef = 6816E605127EF66C00E478BF /* SimpleTwitterClient.m */; };
		6816E610127EFAF700E478BF /* TweetsView.xib in Resources */ = {isa = PBXBuildFile; fileRef = 6816E60F127EFAF700E478BF /* TweetsView.xib */; };
		6816E614127EFB1100E478BF /* TweetsViewController.m in Sources */ = {isa = PBXBuildFile; fileRef = 6816E613127EFB1100E478BF /* TweetsViewController.m */; };
		6816E7C7127F110500E478BF /* WebImage.m in Sources */ = {isa = PBXBuildFile; fileRef = 6816E7C6127F110500E478BF /* WebImage.m */; };
		6816E821127F3DDE00E478BF /* Placeholder.png in Resources */ = {isa = PBXBuildFile; fileRef = 6816E820127F3DDE00E478BF /* Placeholder.png */; };
		68C7C325128056E200ADEA11 /* ScheduleViewController.m in Sources */ = {isa = PBXBuildFile; fileRef = 68C7C324128056E200ADEA11 /* ScheduleViewController.m */; };
		68C7C32B1280570B00ADEA11 /* UIImageView+KTImageDownload.m in Sources */ = {isa = PBXBuildFile; fileRef = 68C7C3281280570B00ADEA11 /* UIImageView+KTImageDownload.m */; };
		68C7C32C1280570B00ADEA11 /* UIViewController+KTCompositeView.m in Sources */ = {isa = PBXBuildFile; fileRef = 68C7C32A1280570B00ADEA11 /* UIViewController+KTCompositeView.m */; };
		68C8D4AB127F5EAE000AE7DD /* ScheduleView.xib in Resources */ = {isa = PBXBuildFile; fileRef = 68C8D4AA127F5EAE000AE7DD /* ScheduleView.xib */; };
		68C8D4CD127F62B0000AE7DD /* FullScheduleViewController.m in Sources */ = {isa = PBXBuildFile; fileRef = 68C8D4CC127F62B0000AE7DD /* FullScheduleViewController.m */; };
		68C8D4CF127F63CC000AE7DD /* schedule.pdf in Resources */ = {isa = PBXBuildFile; fileRef = 68C8D4CE127F63CC000AE7DD /* schedule.pdf */; };
		68C8D4D1127F63E2000AE7DD /* FullScheduleView.xib in Resources */ = {isa = PBXBuildFile; fileRef = 68C8D4D0127F63E2000AE7DD /* FullScheduleView.xib */; };
		68EDB08C127620FC009190F7 /* MainWindow.xib in Resources */ = {isa = PBXBuildFile; fileRef = 68EDB08B127620FC009190F7 /* MainWindow.xib */; };
		68EDB0991276218D009190F7 /* RootView.xib in Resources */ = {isa = PBXBuildFile; fileRef = 68EDB0981276218D009190F7 /* RootView.xib */; };
		68EDB09E12762206009190F7 /* RootViewController.m in Sources */ = {isa = PBXBuildFile; fileRef = 68EDB09D12762206009190F7 /* RootViewController.m */; };
		68EDB0D11276278A009190F7 /* AppNavigationView.xib in Resources */ = {isa = PBXBuildFile; fileRef = 68EDB0D01276278A009190F7 /* AppNavigationView.xib */; };
		68EDB0D5127627F1009190F7 /* AppNavigationViewController.m in Sources */ = {isa = PBXBuildFile; fileRef = 68EDB0D4127627F1009190F7 /* AppNavigationViewController.m */; };
		68EDB14F12765CDA009190F7 /* SpeakerView.xib in Resources */ = {isa = PBXBuildFile; fileRef = 68EDB14E12765CDA009190F7 /* SpeakerView.xib */; };
		68EDB15B12765E07009190F7 /* SpeakerViewController.m in Sources */ = {isa = PBXBuildFile; fileRef = 68EDB15A12765E07009190F7 /* SpeakerViewController.m */; };
		68EDB16112765EBE009190F7 /* Speakers.m in Sources */ = {isa = PBXBuildFile; fileRef = 68EDB16012765EBE009190F7 /* Speakers.m */; };
		68EDB16312765FE2009190F7 /* speakers.plist in Resources */ = {isa = PBXBuildFile; fileRef = 68EDB16212765FE2009190F7 /* speakers.plist */; };
		68EDB16612766028009190F7 /* Kirbyturner.png in Resources */ = {isa = PBXBuildFile; fileRef = 68EDB16512766028009190F7 /* Kirbyturner.png */; };
		68EDB24612766732009190F7 /* juliobarros1.png in Resources */ = {isa = PBXBuildFile; fileRef = 68EDB24512766732009190F7 /* juliobarros1.png */; };
		68EDB26512766FFB009190F7 /* speaker-background.png in Resources */ = {isa = PBXBuildFile; fileRef = 68EDB26412766FFB009190F7 /* speaker-background.png */; };
/* End PBXBuildFile section */

/* Begin PBXFileReference section */
		1D30AB110D05D00D00671497 /* Foundation.framework */ = {isa = PBXFileReference; lastKnownFileType = wrapper.framework; name = Foundation.framework; path = System/Library/Frameworks/Foundation.framework; sourceTree = SDKROOT; };
		1D3623240D0F684500981E51 /* CompositeViewsSampleAppDelegate.h */ = {isa = PBXFileReference; fileEncoding = 4; lastKnownFileType = sourcecode.c.h; path = CompositeViewsSampleAppDelegate.h; sourceTree = "<group>"; };
		1D3623250D0F684500981E51 /* CompositeViewsSampleAppDelegate.m */ = {isa = PBXFileReference; fileEncoding = 4; lastKnownFileType = sourcecode.c.objc; path = CompositeViewsSampleAppDelegate.m; sourceTree = "<group>"; };
		1D6058910D05DD3D006BFB54 /* CompositeViewsSample.app */ = {isa = PBXFileReference; explicitFileType = wrapper.application; includeInIndex = 0; path = CompositeViewsSample.app; sourceTree = BUILT_PRODUCTS_DIR; };
		1DF5F4DF0D08C38300B7A737 /* UIKit.framework */ = {isa = PBXFileReference; lastKnownFileType = wrapper.framework; name = UIKit.framework; path = System/Library/Frameworks/UIKit.framework; sourceTree = SDKROOT; };
		288765FC0DF74451002DB57D /* CoreGraphics.framework */ = {isa = PBXFileReference; lastKnownFileType = wrapper.framework; name = CoreGraphics.framework; path = System/Library/Frameworks/CoreGraphics.framework; sourceTree = SDKROOT; };
		29B97316FDCFA39411CA2CEA /* main.m */ = {isa = PBXFileReference; fileEncoding = 4; lastKnownFileType = sourcecode.c.objc; path = main.m; sourceTree = "<group>"; };
		32CA4F630368D1EE00C91783 /* CompositeViewsSample_Prefix.pch */ = {isa = PBXFileReference; fileEncoding = 4; lastKnownFileType = sourcecode.c.h; path = CompositeViewsSample_Prefix.pch; sourceTree = "<group>"; };
		6816E5EF127EF64900E478BF /* JSON.h */ = {isa = PBXFileReference; fileEncoding = 4; lastKnownFileType = sourcecode.c.h; path = JSON.h; sourceTree = "<group>"; };
		6816E5F0127EF64900E478BF /* NSObject+SBJSON.h */ = {isa = PBXFileReference; fileEncoding = 4; lastKnownFileType = sourcecode.c.h; path = "NSObject+SBJSON.h"; sourceTree = "<group>"; };
		6816E5F1127EF64900E478BF /* NSObject+SBJSON.m */ = {isa = PBXFileReference; fileEncoding = 4; lastKnownFileType = sourcecode.c.objc; path = "NSObject+SBJSON.m"; sourceTree = "<group>"; };
		6816E5F2127EF64900E478BF /* NSString+SBJSON.h */ = {isa = PBXFileReference; fileEncoding = 4; lastKnownFileType = sourcecode.c.h; path = "NSString+SBJSON.h"; sourceTree = "<group>"; };
		6816E5F3127EF64900E478BF /* NSString+SBJSON.m */ = {isa = PBXFileReference; fileEncoding = 4; lastKnownFileType = sourcecode.c.objc; path = "NSString+SBJSON.m"; sourceTree = "<group>"; };
		6816E5F4127EF64900E478BF /* SBJsonBase.h */ = {isa = PBXFileReference; fileEncoding = 4; lastKnownFileType = sourcecode.c.h; path = SBJsonBase.h; sourceTree = "<group>"; };
		6816E5F5127EF64900E478BF /* SBJsonBase.m */ = {isa = PBXFileReference; fileEncoding = 4; lastKnownFileType = sourcecode.c.objc; path = SBJsonBase.m; sourceTree = "<group>"; };
		6816E5F6127EF64900E478BF /* SBJsonParser.h */ = {isa = PBXFileReference; fileEncoding = 4; lastKnownFileType = sourcecode.c.h; path = SBJsonParser.h; sourceTree = "<group>"; };
		6816E5F7127EF64900E478BF /* SBJsonParser.m */ = {isa = PBXFileReference; fileEncoding = 4; lastKnownFileType = sourcecode.c.objc; path = SBJsonParser.m; sourceTree = "<group>"; };
		6816E5F8127EF64900E478BF /* SBJsonStreamWriter.h */ = {isa = PBXFileReference; fileEncoding = 4; lastKnownFileType = sourcecode.c.h; path = SBJsonStreamWriter.h; sourceTree = "<group>"; };
		6816E5F9127EF64900E478BF /* SBJsonStreamWriter.m */ = {isa = PBXFileReference; fileEncoding = 4; lastKnownFileType = sourcecode.c.objc; path = SBJsonStreamWriter.m; sourceTree = "<group>"; };
		6816E5FA127EF64900E478BF /* SBJsonWriter.h */ = {isa = PBXFileReference; fileEncoding = 4; lastKnownFileType = sourcecode.c.h; path = SBJsonWriter.h; sourceTree = "<group>"; };
		6816E5FB127EF64900E478BF /* SBJsonWriter.m */ = {isa = PBXFileReference; fileEncoding = 4; lastKnownFileType = sourcecode.c.objc; path = SBJsonWriter.m; sourceTree = "<group>"; };
		6816E5FC127EF64900E478BF /* SBProxyForJson.h */ = {isa = PBXFileReference; fileEncoding = 4; lastKnownFileType = sourcecode.c.h; path = SBProxyForJson.h; sourceTree = "<group>"; };
		6816E604127EF66C00E478BF /* SimpleTwitterClient.h */ = {isa = PBXFileReference; fileEncoding = 4; lastKnownFileType = sourcecode.c.h; path = SimpleTwitterClient.h; sourceTree = "<group>"; };
		6816E605127EF66C00E478BF /* SimpleTwitterClient.m */ = {isa = PBXFileReference; fileEncoding = 4; lastKnownFileType = sourcecode.c.objc; path = SimpleTwitterClient.m; sourceTree = "<group>"; };
		6816E60F127EFAF700E478BF /* TweetsView.xib */ = {isa = PBXFileReference; lastKnownFileType = file.xib; path = TweetsView.xib; sourceTree = "<group>"; };
		6816E612127EFB1100E478BF /* TweetsViewController.h */ = {isa = PBXFileReference; fileEncoding = 4; lastKnownFileType = sourcecode.c.h; path = TweetsViewController.h; sourceTree = "<group>"; };
		6816E613127EFB1100E478BF /* TweetsViewController.m */ = {isa = PBXFileReference; fileEncoding = 4; lastKnownFileType = sourcecode.c.objc; path = TweetsViewController.m; sourceTree = "<group>"; };
		6816E7C5127F110500E478BF /* WebImage.h */ = {isa = PBXFileReference; fileEncoding = 4; lastKnownFileType = sourcecode.c.h; path = WebImage.h; sourceTree = "<group>"; };
		6816E7C6127F110500E478BF /* WebImage.m */ = {isa = PBXFileReference; fileEncoding = 4; lastKnownFileType = sourcecode.c.objc; path = WebImage.m; sourceTree = "<group>"; };
		6816E820127F3DDE00E478BF /* Placeholder.png */ = {isa = PBXFileReference; lastKnownFileType = image.png; path = Placeholder.png; sourceTree = "<group>"; };
		68C7C323128056E200ADEA11 /* ScheduleViewController.h */ = {isa = PBXFileReference; fileEncoding = 4; lastKnownFileType = sourcecode.c.h; path = ScheduleViewController.h; sourceTree = "<group>"; };
		68C7C324128056E200ADEA11 /* ScheduleViewController.m */ = {isa = PBXFileReference; fileEncoding = 4; lastKnownFileType = sourcecode.c.objc; path = ScheduleViewController.m; sourceTree = "<group>"; };
		68C7C3271280570B00ADEA11 /* UIImageView+KTImageDownload.h */ = {isa = PBXFileReference; fileEncoding = 4; lastKnownFileType = sourcecode.c.h; path = "UIImageView+KTImageDownload.h"; sourceTree = "<group>"; };
		68C7C3281280570B00ADEA11 /* UIImageView+KTImageDownload.m */ = {isa = PBXFileReference; fileEncoding = 4; lastKnownFileType = sourcecode.c.objc; path = "UIImageView+KTImageDownload.m"; sourceTree = "<group>"; };
		68C7C3291280570B00ADEA11 /* UIViewController+KTCompositeView.h */ = {isa = PBXFileReference; fileEncoding = 4; lastKnownFileType = sourcecode.c.h; path = "UIViewController+KTCompositeView.h"; sourceTree = "<group>"; };
		68C7C32A1280570B00ADEA11 /* UIViewController+KTCompositeView.m */ = {isa = PBXFileReference; fileEncoding = 4; lastKnownFileType = sourcecode.c.objc; path = "UIViewController+KTCompositeView.m"; sourceTree = "<group>"; };
		68C8D4AA127F5EAE000AE7DD /* ScheduleView.xib */ = {isa = PBXFileReference; lastKnownFileType = file.xib; path = ScheduleView.xib; sourceTree = "<group>"; };
		68C8D4CB127F62B0000AE7DD /* FullScheduleViewController.h */ = {isa = PBXFileReference; fileEncoding = 4; lastKnownFileType = sourcecode.c.h; path = FullScheduleViewController.h; sourceTree = "<group>"; };
		68C8D4CC127F62B0000AE7DD /* FullScheduleViewController.m */ = {isa = PBXFileReference; fileEncoding = 4; lastKnownFileType = sourcecode.c.objc; path = FullScheduleViewController.m; sourceTree = "<group>"; };
		68C8D4CE127F63CC000AE7DD /* schedule.pdf */ = {isa = PBXFileReference; lastKnownFileType = image.pdf; path = schedule.pdf; sourceTree = "<group>"; };
		68C8D4D0127F63E2000AE7DD /* FullScheduleView.xib */ = {isa = PBXFileReference; lastKnownFileType = file.xib; path = FullScheduleView.xib; sourceTree = "<group>"; };
		68EDB08B127620FC009190F7 /* MainWindow.xib */ = {isa = PBXFileReference; lastKnownFileType = file.xib; path = MainWindow.xib; sourceTree = "<group>"; };
		68EDB0981276218D009190F7 /* RootView.xib */ = {isa = PBXFileReference; lastKnownFileType = file.xib; path = RootView.xib; sourceTree = "<group>"; };
		68EDB09C12762206009190F7 /* RootViewController.h */ = {isa = PBXFileReference; fileEncoding = 4; lastKnownFileType = sourcecode.c.h; path = RootViewController.h; sourceTree = "<group>"; };
		68EDB09D12762206009190F7 /* RootViewController.m */ = {isa = PBXFileReference; fileEncoding = 4; lastKnownFileType = sourcecode.c.objc; path = RootViewController.m; sourceTree = "<group>"; };
		68EDB0D01276278A009190F7 /* AppNavigationView.xib */ = {isa = PBXFileReference; lastKnownFileType = file.xib; path = AppNavigationView.xib; sourceTree = "<group>"; };
		68EDB0D3127627F1009190F7 /* AppNavigationViewController.h */ = {isa = PBXFileReference; fileEncoding = 4; lastKnownFileType = sourcecode.c.h; path = AppNavigationViewController.h; sourceTree = "<group>"; };
		68EDB0D4127627F1009190F7 /* AppNavigationViewController.m */ = {isa = PBXFileReference; fileEncoding = 4; lastKnownFileType = sourcecode.c.objc; path = AppNavigationViewController.m; sourceTree = "<group>"; };
		68EDB14E12765CDA009190F7 /* SpeakerView.xib */ = {isa = PBXFileReference; lastKnownFileType = file.xib; path = SpeakerView.xib; sourceTree = "<group>"; };
		68EDB15912765E07009190F7 /* SpeakerViewController.h */ = {isa = PBXFileReference; fileEncoding = 4; lastKnownFileType = sourcecode.c.h; path = SpeakerViewController.h; sourceTree = "<group>"; };
		68EDB15A12765E07009190F7 /* SpeakerViewController.m */ = {isa = PBXFileReference; fileEncoding = 4; lastKnownFileType = sourcecode.c.objc; path = SpeakerViewController.m; sourceTree = "<group>"; };
		68EDB15F12765EBE009190F7 /* Speakers.h */ = {isa = PBXFileReference; fileEncoding = 4; lastKnownFileType = sourcecode.c.h; path = Speakers.h; sourceTree = "<group>"; };
		68EDB16012765EBE009190F7 /* Speakers.m */ = {isa = PBXFileReference; fileEncoding = 4; lastKnownFileType = sourcecode.c.objc; path = Speakers.m; sourceTree = "<group>"; };
		68EDB16212765FE2009190F7 /* speakers.plist */ = {isa = PBXFileReference; fileEncoding = 4; lastKnownFileType = text.plist.xml; path = speakers.plist; sourceTree = "<group>"; };
		68EDB16512766028009190F7 /* Kirbyturner.png */ = {isa = PBXFileReference; lastKnownFileType = image.png; path = Kirbyturner.png; sourceTree = "<group>"; };
		68EDB24512766732009190F7 /* juliobarros1.png */ = {isa = PBXFileReference; lastKnownFileType = image.png; path = juliobarros1.png; sourceTree = "<group>"; };
		68EDB26412766FFB009190F7 /* speaker-background.png */ = {isa = PBXFileReference; lastKnownFileType = image.png; path = "speaker-background.png"; sourceTree = "<group>"; };
		8D1107310486CEB800E47090 /* CompositeViewsSample-Info.plist */ = {isa = PBXFileReference; fileEncoding = 4; lastKnownFileType = text.plist.xml; path = "CompositeViewsSample-Info.plist"; plistStructureDefinitionIdentifier = "com.apple.xcode.plist.structure-definition.iphone.info-plist"; sourceTree = "<group>"; };
/* End PBXFileReference section */

/* Begin PBXFrameworksBuildPhase section */
		1D60588F0D05DD3D006BFB54 /* Frameworks */ = {
			isa = PBXFrameworksBuildPhase;
			buildActionMask = 2147483647;
			files = (
				1D60589F0D05DD5A006BFB54 /* Foundation.framework in Frameworks */,
				1DF5F4E00D08C38300B7A737 /* UIKit.framework in Frameworks */,
				288765FD0DF74451002DB57D /* CoreGraphics.framework in Frameworks */,
			);
			runOnlyForDeploymentPostprocessing = 0;
		};
/* End PBXFrameworksBuildPhase section */

/* Begin PBXGroup section */
		080E96DDFE201D6D7F000001 /* Classes */ = {
			isa = PBXGroup;
			children = (
				1D3623240D0F684500981E51 /* CompositeViewsSampleAppDelegate.h */,
				1D3623250D0F684500981E51 /* CompositeViewsSampleAppDelegate.m */,
				68C7C3261280570B00ADEA11 /* Categories */,
				68EDB15E12765EB5009190F7 /* Models */,
				68EDB09B127621F3009190F7 /* ViewControllers */,
				6816E5EE127EF64900E478BF /* json-framework */,
			);
			path = Classes;
			sourceTree = "<group>";
		};
		19C28FACFE9D520D11CA2CBB /* Products */ = {
			isa = PBXGroup;
			children = (
				1D6058910D05DD3D006BFB54 /* CompositeViewsSample.app */,
			);
			name = Products;
			sourceTree = "<group>";
		};
		29B97314FDCFA39411CA2CEA /* CustomTemplate */ = {
			isa = PBXGroup;
			children = (
				080E96DDFE201D6D7F000001 /* Classes */,
				29B97315FDCFA39411CA2CEA /* Other Sources */,
				29B97317FDCFA39411CA2CEA /* Resources */,
				29B97323FDCFA39411CA2CEA /* Frameworks */,
				19C28FACFE9D520D11CA2CBB /* Products */,
			);
			name = CustomTemplate;
			sourceTree = "<group>";
		};
		29B97315FDCFA39411CA2CEA /* Other Sources */ = {
			isa = PBXGroup;
			children = (
				32CA4F630368D1EE00C91783 /* CompositeViewsSample_Prefix.pch */,
				29B97316FDCFA39411CA2CEA /* main.m */,
			);
			name = "Other Sources";
			sourceTree = "<group>";
		};
		29B97317FDCFA39411CA2CEA /* Resources */ = {
			isa = PBXGroup;
			children = (
				8D1107310486CEB800E47090 /* CompositeViewsSample-Info.plist */,
				68EDB16212765FE2009190F7 /* speakers.plist */,
				68C8D4CE127F63CC000AE7DD /* schedule.pdf */,
				68EDB16412766028009190F7 /* images */,
				68EDB08A127620FC009190F7 /* xibs */,
			);
			name = Resources;
			sourceTree = "<group>";
		};
		29B97323FDCFA39411CA2CEA /* Frameworks */ = {
			isa = PBXGroup;
			children = (
				1DF5F4DF0D08C38300B7A737 /* UIKit.framework */,
				1D30AB110D05D00D00671497 /* Foundation.framework */,
				288765FC0DF74451002DB57D /* CoreGraphics.framework */,
			);
			name = Frameworks;
			sourceTree = "<group>";
		};
		6816E5EE127EF64900E478BF /* json-framework */ = {
			isa = PBXGroup;
			children = (
				6816E5EF127EF64900E478BF /* JSON.h */,
				6816E5F0127EF64900E478BF /* NSObject+SBJSON.h */,
				6816E5F1127EF64900E478BF /* NSObject+SBJSON.m */,
				6816E5F2127EF64900E478BF /* NSString+SBJSON.h */,
				6816E5F3127EF64900E478BF /* NSString+SBJSON.m */,
				6816E5F4127EF64900E478BF /* SBJsonBase.h */,
				6816E5F5127EF64900E478BF /* SBJsonBase.m */,
				6816E5F6127EF64900E478BF /* SBJsonParser.h */,
				6816E5F7127EF64900E478BF /* SBJsonParser.m */,
				6816E5F8127EF64900E478BF /* SBJsonStreamWriter.h */,
				6816E5F9127EF64900E478BF /* SBJsonStreamWriter.m */,
				6816E5FA127EF64900E478BF /* SBJsonWriter.h */,
				6816E5FB127EF64900E478BF /* SBJsonWriter.m */,
				6816E5FC127EF64900E478BF /* SBProxyForJson.h */,
			);
			path = "json-framework";
			sourceTree = "<group>";
		};
		68C7C322128056E200ADEA11 /* TrackSchedules */ = {
			isa = PBXGroup;
			children = (
				68C7C323128056E200ADEA11 /* ScheduleViewController.h */,
				68C7C324128056E200ADEA11 /* ScheduleViewController.m */,
			);
			path = TrackSchedules;
			sourceTree = "<group>";
		};
		68C7C3261280570B00ADEA11 /* Categories */ = {
			isa = PBXGroup;
			children = (
				68C7C3271280570B00ADEA11 /* UIImageView+KTImageDownload.h */,
				68C7C3281280570B00ADEA11 /* UIImageView+KTImageDownload.m */,
				68C7C3291280570B00ADEA11 /* UIViewController+KTCompositeView.h */,
				68C7C32A1280570B00ADEA11 /* UIViewController+KTCompositeView.m */,
			);
			path = Categories;
			sourceTree = "<group>";
		};
		68EDB08A127620FC009190F7 /* xibs */ = {
			isa = PBXGroup;
			children = (
				68EDB08B127620FC009190F7 /* MainWindow.xib */,
				68EDB0981276218D009190F7 /* RootView.xib */,
				68EDB0D01276278A009190F7 /* AppNavigationView.xib */,
				68EDB14E12765CDA009190F7 /* SpeakerView.xib */,
				6816E60F127EFAF700E478BF /* TweetsView.xib */,
				68C8D4AA127F5EAE000AE7DD /* ScheduleView.xib */,
				68C8D4D0127F63E2000AE7DD /* FullScheduleView.xib */,
			);
			path = xibs;
			sourceTree = "<group>";
		};
		68EDB09B127621F3009190F7 /* ViewControllers */ = {
			isa = PBXGroup;
			children = (
				68EDB09C12762206009190F7 /* RootViewController.h */,
				68EDB09D12762206009190F7 /* RootViewController.m */,
				68EDB0D3127627F1009190F7 /* AppNavigationViewController.h */,
				68EDB0D4127627F1009190F7 /* AppNavigationViewController.m */,
				68EDB15912765E07009190F7 /* SpeakerViewController.h */,
				68EDB15A12765E07009190F7 /* SpeakerViewController.m */,
				6816E612127EFB1100E478BF /* TweetsViewController.h */,
				6816E613127EFB1100E478BF /* TweetsViewController.m */,
				68C8D4CB127F62B0000AE7DD /* FullScheduleViewController.h */,
				68C8D4CC127F62B0000AE7DD /* FullScheduleViewController.m */,
				68C7C322128056E200ADEA11 /* TrackSchedules */,
			);
			path = ViewControllers;
			sourceTree = "<group>";
		};
		68EDB15E12765EB5009190F7 /* Models */ = {
			isa = PBXGroup;
			children = (
				68EDB15F12765EBE009190F7 /* Speakers.h */,
				68EDB16012765EBE009190F7 /* Speakers.m */,
				6816E604127EF66C00E478BF /* SimpleTwitterClient.h */,
				6816E605127EF66C00E478BF /* SimpleTwitterClient.m */,
				6816E7C5127F110500E478BF /* WebImage.h */,
				6816E7C6127F110500E478BF /* WebImage.m */,
			);
			path = Models;
			sourceTree = "<group>";
		};
		68EDB16412766028009190F7 /* images */ = {
			isa = PBXGroup;
			children = (
				6816E820127F3DDE00E478BF /* Placeholder.png */,
				68EDB24512766732009190F7 /* juliobarros1.png */,
				68EDB16512766028009190F7 /* Kirbyturner.png */,
				68EDB26412766FFB009190F7 /* speaker-background.png */,
			);
			path = images;
			sourceTree = "<group>";
		};
/* End PBXGroup section */

/* Begin PBXNativeTarget section */
		1D6058900D05DD3D006BFB54 /* CompositeViewsSample */ = {
			isa = PBXNativeTarget;
			buildConfigurationList = 1D6058960D05DD3E006BFB54 /* Build configuration list for PBXNativeTarget "CompositeViewsSample" */;
			buildPhases = (
				1D60588D0D05DD3D006BFB54 /* Resources */,
				1D60588E0D05DD3D006BFB54 /* Sources */,
				1D60588F0D05DD3D006BFB54 /* Frameworks */,
			);
			buildRules = (
			);
			dependencies = (
			);
			name = CompositeViewsSample;
			productName = CompositeViewsSample;
			productReference = 1D6058910D05DD3D006BFB54 /* CompositeViewsSample.app */;
			productType = "com.apple.product-type.application";
		};
/* End PBXNativeTarget section */

/* Begin PBXProject section */
		29B97313FDCFA39411CA2CEA /* Project object */ = {
			isa = PBXProject;
			buildConfigurationList = C01FCF4E08A954540054247B /* Build configuration list for PBXProject "CompositeViewsSample" */;
			compatibilityVersion = "Xcode 3.1";
			developmentRegion = English;
			hasScannedForEncodings = 1;
			knownRegions = (
				English,
				Japanese,
				French,
				German,
			);
			mainGroup = 29B97314FDCFA39411CA2CEA /* CustomTemplate */;
			projectDirPath = "";
			projectRoot = "";
			targets = (
				1D6058900D05DD3D006BFB54 /* CompositeViewsSample */,
			);
		};
/* End PBXProject section */

/* Begin PBXResourcesBuildPhase section */
		1D60588D0D05DD3D006BFB54 /* Resources */ = {
			isa = PBXResourcesBuildPhase;
			buildActionMask = 2147483647;
			files = (
				68EDB08C127620FC009190F7 /* MainWindow.xib in Resources */,
				68EDB0991276218D009190F7 /* RootView.xib in Resources */,
				68EDB0D11276278A009190F7 /* AppNavigationView.xib in Resources */,
				68EDB14F12765CDA009190F7 /* SpeakerView.xib in Resources */,
				68EDB16312765FE2009190F7 /* speakers.plist in Resources */,
				68EDB16612766028009190F7 /* Kirbyturner.png in Resources */,
				68EDB24612766732009190F7 /* juliobarros1.png in Resources */,
				68EDB26512766FFB009190F7 /* speaker-background.png in Resources */,
				6816E610127EFAF700E478BF /* TweetsView.xib in Resources */,
				6816E821127F3DDE00E478BF /* Placeholder.png in Resources */,
				68C8D4AB127F5EAE000AE7DD /* ScheduleView.xib in Resources */,
				68C8D4CF127F63CC000AE7DD /* schedule.pdf in Resources */,
				68C8D4D1127F63E2000AE7DD /* FullScheduleView.xib in Resources */,
			);
			runOnlyForDeploymentPostprocessing = 0;
		};
/* End PBXResourcesBuildPhase section */

/* Begin PBXSourcesBuildPhase section */
		1D60588E0D05DD3D006BFB54 /* Sources */ = {
			isa = PBXSourcesBuildPhase;
			buildActionMask = 2147483647;
			files = (
				1D60589B0D05DD56006BFB54 /* main.m in Sources */,
				1D3623260D0F684500981E51 /* CompositeViewsSampleAppDelegate.m in Sources */,
				68EDB09E12762206009190F7 /* RootViewController.m in Sources */,
				68EDB0D5127627F1009190F7 /* AppNavigationViewController.m in Sources */,
				68EDB15B12765E07009190F7 /* SpeakerViewController.m in Sources */,
				68EDB16112765EBE009190F7 /* Speakers.m in Sources */,
				6816E5FD127EF64900E478BF /* NSObject+SBJSON.m in Sources */,
				6816E5FE127EF64900E478BF /* NSString+SBJSON.m in Sources */,
				6816E5FF127EF64900E478BF /* SBJsonBase.m in Sources */,
				6816E600127EF64900E478BF /* SBJsonParser.m in Sources */,
				6816E601127EF64900E478BF /* SBJsonStreamWriter.m in Sources */,
				6816E602127EF64900E478BF /* SBJsonWriter.m in Sources */,
				6816E606127EF66C00E478BF /* SimpleTwitterClient.m in Sources */,
				6816E614127EFB1100E478BF /* TweetsViewController.m in Sources */,
				6816E7C7127F110500E478BF /* WebImage.m in Sources */,
				68C8D4CD127F62B0000AE7DD /* FullScheduleViewController.m in Sources */,
				68C7C325128056E200ADEA11 /* ScheduleViewController.m in Sources */,
				68C7C32B1280570B00ADEA11 /* UIImageView+KTImageDownload.m in Sources */,
				68C7C32C1280570B00ADEA11 /* UIViewController+KTCompositeView.m in Sources */,
			);
			runOnlyForDeploymentPostprocessing = 0;
		};
/* End PBXSourcesBuildPhase section */

/* Begin XCBuildConfiguration section */
		1D6058940D05DD3E006BFB54 /* Debug */ = {
			isa = XCBuildConfiguration;
			buildSettings = {
				ALWAYS_SEARCH_USER_PATHS = NO;
				COPY_PHASE_STRIP = NO;
				GCC_DYNAMIC_NO_PIC = NO;
				GCC_OPTIMIZATION_LEVEL = 0;
				GCC_PRECOMPILE_PREFIX_HEADER = YES;
				GCC_PREFIX_HEADER = CompositeViewsSample_Prefix.pch;
				INFOPLIST_FILE = "CompositeViewsSample-Info.plist";
				IPHONEOS_DEPLOYMENT_TARGET = 3.2;
				PRODUCT_NAME = CompositeViewsSample;
				SDKROOT = iphoneos;
				TARGETED_DEVICE_FAMILY = 2;
			};
			name = Debug;
		};
		1D6058950D05DD3E006BFB54 /* Release */ = {
			isa = XCBuildConfiguration;
			buildSettings = {
				ALWAYS_SEARCH_USER_PATHS = NO;
				COPY_PHASE_STRIP = YES;
				GCC_PRECOMPILE_PREFIX_HEADER = YES;
				GCC_PREFIX_HEADER = CompositeViewsSample_Prefix.pch;
				INFOPLIST_FILE = "CompositeViewsSample-Info.plist";
				IPHONEOS_DEPLOYMENT_TARGET = 3.2;
				PRODUCT_NAME = CompositeViewsSample;
				SDKROOT = iphoneos;
				TARGETED_DEVICE_FAMILY = 2;
				VALIDATE_PRODUCT = YES;
			};
			name = Release;
		};
		C01FCF4F08A954540054247B /* Debug */ = {
			isa = XCBuildConfiguration;
			buildSettings = {
				ARCHS = "$(ARCHS_UNIVERSAL_IPHONE_OS)";
				"CODE_SIGN_IDENTITY[sdk=iphoneos*]" = "iPhone Developer";
				GCC_C_LANGUAGE_STANDARD = c99;
				GCC_WARN_ABOUT_RETURN_TYPE = YES;
				GCC_WARN_UNUSED_VARIABLE = YES;
				PREBINDING = NO;
				SDKROOT = iphoneos3.2;
				TARGETED_DEVICE_FAMILY = 2;
			};
			name = Debug;
		};
		C01FCF5008A954540054247B /* Release */ = {
			isa = XCBuildConfiguration;
			buildSettings = {
				ARCHS = "$(ARCHS_UNIVERSAL_IPHONE_OS)";
				"CODE_SIGN_IDENTITY[sdk=iphoneos*]" = "iPhone Developer";
				GCC_C_LANGUAGE_STANDARD = c99;
				GCC_WARN_ABOUT_RETURN_TYPE = YES;
				GCC_WARN_UNUSED_VARIABLE = YES;
				OTHER_CFLAGS = "-DNS_BLOCK_ASSERTIONS=1";
				PREBINDING = NO;
				SDKROOT = iphoneos3.2;
				TARGETED_DEVICE_FAMILY = 2;
			};
			name = Release;
		};
/* End XCBuildConfiguration section */

/* Begin XCConfigurationList section */
		1D6058960D05DD3E006BFB54 /* Build configuration list for PBXNativeTarget "CompositeViewsSample" */ = {
			isa = XCConfigurationList;
			buildConfigurations = (
				1D6058940D05DD3E006BFB54 /* Debug */,
				1D6058950D05DD3E006BFB54 /* Release */,
			);
			defaultConfigurationIsVisible = 0;
			defaultConfigurationName = Release;
		};
		C01FCF4E08A954540054247B /* Build configuration list for PBXProject "CompositeViewsSample" */ = {
			isa = XCConfigurationList;
			buildConfigurations = (
				C01FCF4F08A954540054247B /* Debug */,
				C01FCF5008A954540054247B /* Release */,
			);
			defaultConfigurationIsVisible = 0;
			defaultConfigurationName = Release;
		};
/* End XCConfigurationList section */
	};
	rootObject = 29B97313FDCFA39411CA2CEA /* Project object */;
}
