// !$*UTF8*$!
{
	archiveVersion = 1;
	classes = {
	};
	objectVersion = 46;
	objects = {

/* Begin PBXBuildFile section */
		68D36555141EB00A00BD4768 /* UIKit.framework in Frameworks */ = {isa = PBXBuildFile; fileRef = 68D36554141EB00A00BD4768 /* UIKit.framework */; };
		68D36557141EB00A00BD4768 /* Foundation.framework in Frameworks */ = {isa = PBXBuildFile; fileRef = 68D36556141EB00A00BD4768 /* Foundation.framework */; };
		68D36559141EB00A00BD4768 /* CoreGraphics.framework in Frameworks */ = {isa = PBXBuildFile; fileRef = 68D36558141EB00A00BD4768 /* CoreGraphics.framework */; };
		68D3655F141EB00A00BD4768 /* InfoPlist.strings in Resources */ = {isa = PBXBuildFile; fileRef = 68D3655D141EB00A00BD4768 /* InfoPlist.strings */; };
		68D36561141EB00A00BD4768 /* main.m in Sources */ = {isa = PBXBuildFile; fileRef = 68D36560141EB00A00BD4768 /* main.m */; };
		68D36565141EB00A00BD4768 /* AppDelegate.m in Sources */ = {isa = PBXBuildFile; fileRef = 68D36564141EB00A00BD4768 /* AppDelegate.m */; };
		68D36568141EB00A00BD4768 /* MainStoryboard.storyboard in Resources */ = {isa = PBXBuildFile; fileRef = 68D36566141EB00A00BD4768 /* MainStoryboard.storyboard */; };
		68D3656B141EB00A00BD4768 /* ViewController.m in Sources */ = {isa = PBXBuildFile; fileRef = 68D3656A141EB00A00BD4768 /* ViewController.m */; };
		68D365B8141EB2F600BD4768 /* NSString+AwesomeAppKit.m in Sources */ = {isa = PBXBuildFile; fileRef = 68D365B5141EB2F600BD4768 /* NSString+AwesomeAppKit.m */; };
		68D365B9141EB2F600BD4768 /* SampleModelObject.m in Sources */ = {isa = PBXBuildFile; fileRef = 68D365B7141EB2F600BD4768 /* SampleModelObject.m */; };
/* End PBXBuildFile section */

/* Begin PBXFileReference section */
		68D36550141EB00A00BD4768 /* Awesome-iOS.app */ = {isa = PBXFileReference; explicitFileType = wrapper.application; includeInIndex = 0; path = "Awesome-iOS.app"; sourceTree = BUILT_PRODUCTS_DIR; };
		68D36554141EB00A00BD4768 /* UIKit.framework */ = {isa = PBXFileReference; lastKnownFileType = wrapper.framework; name = UIKit.framework; path = System/Library/Frameworks/UIKit.framework; sourceTree = SDKROOT; };
		68D36556141EB00A00BD4768 /* Foundation.framework */ = {isa = PBXFileReference; lastKnownFileType = wrapper.framework; name = Foundation.framework; path = System/Library/Frameworks/Foundation.framework; sourceTree = SDKROOT; };
		68D36558141EB00A00BD4768 /* CoreGraphics.framework */ = {isa = PBXFileReference; lastKnownFileType = wrapper.framework; name = CoreGraphics.framework; path = System/Library/Frameworks/CoreGraphics.framework; sourceTree = SDKROOT; };
		68D3655C141EB00A00BD4768 /* Awesome-iOS-Info.plist */ = {isa = PBXFileReference; lastKnownFileType = text.plist.xml; path = "Awesome-iOS-Info.plist"; sourceTree = "<group>"; };
		68D3655E141EB00A00BD4768 /* en */ = {isa = PBXFileReference; lastKnownFileType = text.plist.strings; name = en; path = en.lproj/InfoPlist.strings; sourceTree = "<group>"; };
		68D36560141EB00A00BD4768 /* main.m */ = {isa = PBXFileReference; lastKnownFileType = sourcecode.c.objc; path = main.m; sourceTree = "<group>"; };
		68D36562141EB00A00BD4768 /* Awesome-iOS-Prefix.pch */ = {isa = PBXFileReference; lastKnownFileType = sourcecode.c.h; path = "Awesome-iOS-Prefix.pch"; sourceTree = "<group>"; };
		68D36563141EB00A00BD4768 /* AppDelegate.h */ = {isa = PBXFileReference; lastKnownFileType = sourcecode.c.h; path = AppDelegate.h; sourceTree = "<group>"; };
		68D36564141EB00A00BD4768 /* AppDelegate.m */ = {isa = PBXFileReference; lastKnownFileType = sourcecode.c.objc; path = AppDelegate.m; sourceTree = "<group>"; };
		68D36567141EB00A00BD4768 /* en */ = {isa = PBXFileReference; lastKnownFileType = file.storyboard; name = en; path = en.lproj/MainStoryboard.storyboard; sourceTree = "<group>"; };
		68D36569141EB00A00BD4768 /* ViewController.h */ = {isa = PBXFileReference; lastKnownFileType = sourcecode.c.h; path = ViewController.h; sourceTree = "<group>"; };
		68D3656A141EB00A00BD4768 /* ViewController.m */ = {isa = PBXFileReference; lastKnownFileType = sourcecode.c.objc; path = ViewController.m; sourceTree = "<group>"; };
		68D365B4141EB2F600BD4768 /* NSString+AwesomeAppKit.h */ = {isa = PBXFileReference; fileEncoding = 4; lastKnownFileType = sourcecode.c.h; name = "NSString+AwesomeAppKit.h"; path = "../SharedCode/NSString+AwesomeAppKit.h"; sourceTree = "<group>"; };
		68D365B5141EB2F600BD4768 /* NSString+AwesomeAppKit.m */ = {isa = PBXFileReference; fileEncoding = 4; lastKnownFileType = sourcecode.c.objc; name = "NSString+AwesomeAppKit.m"; path = "../SharedCode/NSString+AwesomeAppKit.m"; sourceTree = "<group>"; };
		68D365B6141EB2F600BD4768 /* SampleModelObject.h */ = {isa = PBXFileReference; fileEncoding = 4; lastKnownFileType = sourcecode.c.h; name = SampleModelObject.h; path = ../SharedCode/SampleModelObject.h; sourceTree = "<group>"; };
		68D365B7141EB2F600BD4768 /* SampleModelObject.m */ = {isa = PBXFileReference; fileEncoding = 4; lastKnownFileType = sourcecode.c.objc; name = SampleModelObject.m; path = ../SharedCode/SampleModelObject.m; sourceTree = "<group>"; };
/* End PBXFileReference section */

/* Begin PBXFrameworksBuildPhase section */
		68D3654D141EB00A00BD4768 /* Frameworks */ = {
			isa = PBXFrameworksBuildPhase;
			buildActionMask = 2147483647;
			files = (
				68D36555141EB00A00BD4768 /* UIKit.framework in Frameworks */,
				68D36557141EB00A00BD4768 /* Foundation.framework in Frameworks */,
				68D36559141EB00A00BD4768 /* CoreGraphics.framework in Frameworks */,
			);
			runOnlyForDeploymentPostprocessing = 0;
		};
/* End PBXFrameworksBuildPhase section */

/* Begin PBXGroup section */
		68D36545141EB00A00BD4768 = {
			isa = PBXGroup;
			children = (
				68D365BA141EB2FB00BD4768 /* SharedCode */,
				68D3655A141EB00A00BD4768 /* Awesome-iOS */,
				68D36553141EB00A00BD4768 /* Frameworks */,
				68D36551141EB00A00BD4768 /* Products */,
			);
			sourceTree = "<group>";
		};
		68D36551141EB00A00BD4768 /* Products */ = {
			isa = PBXGroup;
			children = (
				68D36550141EB00A00BD4768 /* Awesome-iOS.app */,
			);
			name = Products;
			sourceTree = "<group>";
		};
		68D36553141EB00A00BD4768 /* Frameworks */ = {
			isa = PBXGroup;
			children = (
				68D36554141EB00A00BD4768 /* UIKit.framework */,
				68D36556141EB00A00BD4768 /* Foundation.framework */,
				68D36558141EB00A00BD4768 /* CoreGraphics.framework */,
			);
			name = Frameworks;
			sourceTree = "<group>";
		};
		68D3655A141EB00A00BD4768 /* Awesome-iOS */ = {
			isa = PBXGroup;
			children = (
				68D36563141EB00A00BD4768 /* AppDelegate.h */,
				68D36564141EB00A00BD4768 /* AppDelegate.m */,
				68D36566141EB00A00BD4768 /* MainStoryboard.storyboard */,
				68D36569141EB00A00BD4768 /* ViewController.h */,
				68D3656A141EB00A00BD4768 /* ViewController.m */,
				68D3655B141EB00A00BD4768 /* Supporting Files */,
			);
			path = "Awesome-iOS";
			sourceTree = "<group>";
		};
		68D3655B141EB00A00BD4768 /* Supporting Files */ = {
			isa = PBXGroup;
			children = (
				68D3655C141EB00A00BD4768 /* Awesome-iOS-Info.plist */,
				68D3655D141EB00A00BD4768 /* InfoPlist.strings */,
				68D36560141EB00A00BD4768 /* main.m */,
				68D36562141EB00A00BD4768 /* Awesome-iOS-Prefix.pch */,
			);
			name = "Supporting Files";
			sourceTree = "<group>";
		};
		68D365BA141EB2FB00BD4768 /* SharedCode */ = {
			isa = PBXGroup;
			children = (
				68D365B4141EB2F600BD4768 /* NSString+AwesomeAppKit.h */,
				68D365B5141EB2F600BD4768 /* NSString+AwesomeAppKit.m */,
				68D365B6141EB2F600BD4768 /* SampleModelObject.h */,
				68D365B7141EB2F600BD4768 /* SampleModelObject.m */,
			);
			name = SharedCode;
			sourceTree = "<group>";
		};
/* End PBXGroup section */

/* Begin PBXNativeTarget section */
		68D3654F141EB00A00BD4768 /* Awesome-iOS */ = {
			isa = PBXNativeTarget;
			buildConfigurationList = 68D3656E141EB00A00BD4768 /* Build configuration list for PBXNativeTarget "Awesome-iOS" */;
			buildPhases = (
				68D3654C141EB00A00BD4768 /* Sources */,
				68D3654D141EB00A00BD4768 /* Frameworks */,
				68D3654E141EB00A00BD4768 /* Resources */,
			);
			buildRules = (
			);
			dependencies = (
			);
			name = "Awesome-iOS";
			productName = "Awesome-iOS";
			productReference = 68D36550141EB00A00BD4768 /* Awesome-iOS.app */;
			productType = "com.apple.product-type.application";
		};
/* End PBXNativeTarget section */

/* Begin PBXProject section */
		68D36547141EB00A00BD4768 /* Project object */ = {
			isa = PBXProject;
			attributes = {
				LastUpgradeCheck = 0420;
				ORGANIZATIONNAME = "White Peak Software Inc.";
			};
			buildConfigurationList = 68D3654A141EB00A00BD4768 /* Build configuration list for PBXProject "Awesome-iOS" */;
			compatibilityVersion = "Xcode 3.2";
			developmentRegion = English;
			hasScannedForEncodings = 0;
			knownRegions = (
				en,
			);
			mainGroup = 68D36545141EB00A00BD4768;
			productRefGroup = 68D36551141EB00A00BD4768 /* Products */;
			projectDirPath = "";
			projectRoot = "";
			targets = (
				68D3654F141EB00A00BD4768 /* Awesome-iOS */,
			);
		};
/* End PBXProject section */

/* Begin PBXResourcesBuildPhase section */
		68D3654E141EB00A00BD4768 /* Resources */ = {
			isa = PBXResourcesBuildPhase;
			buildActionMask = 2147483647;
			files = (
				68D3655F141EB00A00BD4768 /* InfoPlist.strings in Resources */,
				68D36568141EB00A00BD4768 /* MainStoryboard.storyboard in Resources */,
			);
			runOnlyForDeploymentPostprocessing = 0;
		};
/* End PBXResourcesBuildPhase section */

/* Begin PBXSourcesBuildPhase section */
		68D3654C141EB00A00BD4768 /* Sources */ = {
			isa = PBXSourcesBuildPhase;
			buildActionMask = 2147483647;
			files = (
				68D36561141EB00A00BD4768 /* main.m in Sources */,
				68D36565141EB00A00BD4768 /* AppDelegate.m in Sources */,
				68D3656B141EB00A00BD4768 /* ViewController.m in Sources */,
				68D365B8141EB2F600BD4768 /* NSString+AwesomeAppKit.m in Sources */,
				68D365B9141EB2F600BD4768 /* SampleModelObject.m in Sources */,
			);
			runOnlyForDeploymentPostprocessing = 0;
		};
/* End PBXSourcesBuildPhase section */

/* Begin PBXVariantGroup section */
		68D3655D141EB00A00BD4768 /* InfoPlist.strings */ = {
			isa = PBXVariantGroup;
			children = (
				68D3655E141EB00A00BD4768 /* en */,
			);
			name = InfoPlist.strings;
			sourceTree = "<group>";
		};
		68D36566141EB00A00BD4768 /* MainStoryboard.storyboard */ = {
			isa = PBXVariantGroup;
			children = (
				68D36567141EB00A00BD4768 /* en */,
			);
			name = MainStoryboard.storyboard;
			sourceTree = "<group>";
		};
/* End PBXVariantGroup section */

/* Begin XCBuildConfiguration section */
		68D3656C141EB00A00BD4768 /* Debug */ = {
			isa = XCBuildConfiguration;
			buildSettings = {
				ALWAYS_SEARCH_USER_PATHS = NO;
				ARCHS = "$(ARCHS_STANDARD_32_BIT)";
				CLANG_ENABLE_OBJC_ARC = YES;
				"CODE_SIGN_IDENTITY[sdk=iphoneos*]" = "iPhone Developer";
				COPY_PHASE_STRIP = NO;
				GCC_C_LANGUAGE_STANDARD = gnu99;
				GCC_DYNAMIC_NO_PIC = NO;
				GCC_OPTIMIZATION_LEVEL = 0;
				GCC_PREPROCESSOR_DEFINITIONS = (
					"DEBUG=1",
					"$(inherited)",
				);
				GCC_SYMBOLS_PRIVATE_EXTERN = NO;
				GCC_VERSION = com.apple.compilers.llvm.clang.1_0;
				GCC_WARN_ABOUT_MISSING_PROTOTYPES = YES;
				GCC_WARN_ABOUT_RETURN_TYPE = YES;
				GCC_WARN_UNUSED_VARIABLE = YES;
				IPHONEOS_DEPLOYMENT_TARGET = 5.0;
				SDKROOT = iphoneos;
			};
			name = Debug;
		};
		68D3656D141EB00A00BD4768 /* Release */ = {
			isa = XCBuildConfiguration;
			buildSettings = {
				ALWAYS_SEARCH_USER_PATHS = NO;
				ARCHS = "$(ARCHS_STANDARD_32_BIT)";
				CLANG_ENABLE_OBJC_ARC = YES;
				"CODE_SIGN_IDENTITY[sdk=iphoneos*]" = "iPhone Developer";
				COPY_PHASE_STRIP = YES;
				GCC_C_LANGUAGE_STANDARD = gnu99;
				GCC_VERSION = com.apple.compilers.llvm.clang.1_0;
				GCC_WARN_ABOUT_MISSING_PROTOTYPES = YES;
				GCC_WARN_ABOUT_RETURN_TYPE = YES;
				GCC_WARN_UNUSED_VARIABLE = YES;
				IPHONEOS_DEPLOYMENT_TARGET = 5.0;
				OTHER_CFLAGS = "-DNS_BLOCK_ASSERTIONS=1";
				SDKROOT = iphoneos;
				VALIDATE_PRODUCT = YES;
			};
			name = Release;
		};
		68D3656F141EB00A00BD4768 /* Debug */ = {
			isa = XCBuildConfiguration;
			buildSettings = {
				GCC_PRECOMPILE_PREFIX_HEADER = YES;
				GCC_PREFIX_HEADER = "Awesome-iOS/Awesome-iOS-Prefix.pch";
				INFOPLIST_FILE = "Awesome-iOS/Awesome-iOS-Info.plist";
				PRODUCT_NAME = "$(TARGET_NAME)";
				WRAPPER_EXTENSION = app;
			};
			name = Debug;
		};
		68D36570141EB00A00BD4768 /* Release */ = {
			isa = XCBuildConfiguration;
			buildSettings = {
				GCC_PRECOMPILE_PREFIX_HEADER = YES;
				GCC_PREFIX_HEADER = "Awesome-iOS/Awesome-iOS-Prefix.pch";
				INFOPLIST_FILE = "Awesome-iOS/Awesome-iOS-Info.plist";
				PRODUCT_NAME = "$(TARGET_NAME)";
				WRAPPER_EXTENSION = app;
			};
			name = Release;
		};
/* End XCBuildConfiguration section */

/* Begin XCConfigurationList section */
		68D3654A141EB00A00BD4768 /* Build configuration list for PBXProject "Awesome-iOS" */ = {
			isa = XCConfigurationList;
			buildConfigurations = (
				68D3656C141EB00A00BD4768 /* Debug */,
				68D3656D141EB00A00BD4768 /* Release */,
			);
			defaultConfigurationIsVisible = 0;
			defaultConfigurationName = Release;
		};
		68D3656E141EB00A00BD4768 /* Build configuration list for PBXNativeTarget "Awesome-iOS" */ = {
			isa = XCConfigurationList;
			buildConfigurations = (
				68D3656F141EB00A00BD4768 /* Debug */,
				68D36570141EB00A00BD4768 /* Release */,
			);
			defaultConfigurationIsVisible = 0;
		};
/* End XCConfigurationList section */
	};
	rootObject = 68D36547141EB00A00BD4768 /* Project object */;
}
